
Microsoft Visual Studio Solution File, Format Version 12.00
# Visual Studio Version 17
VisualStudioVersion = 17.10.35013.160
MinimumVisualStudioVersion = 10.0.40219.1
Project("{9A19103F-16F7-4668-BE54-9A1E7A4F7556}") = "Erp.Server", "Erp.Server\Erp.Server.csproj", "{F9A5335E-2131-4FFF-9792-644E039928F7}"
EndProject
Project("{54A90642-561A-4BB1-A94E-469ADEE60C69}") = "erp.client", "erp.client\erp.client.esproj", "{331C5F1E-A2C5-4A81-A541-B76A57B4BB1A}"
EndProject
Global
	GlobalSection(SolutionConfigurationPlatforms) = preSolution
		Debug|Any CPU = Debug|Any CPU
		Release|Any CPU = Release|Any CPU
	EndGlobalSection
	GlobalSection(ProjectConfigurationPlatforms) = postSolution
		{F9A5335E-2131-4FFF-9792-644E039928F7}.Debug|Any CPU.ActiveCfg = Debug|Any CPU
		{F9A5335E-2131-4FFF-9792-644E039928F7}.Debug|Any CPU.Build.0 = Debug|Any CPU
		{F9A5335E-2131-4FFF-9792-644E039928F7}.Release|Any CPU.ActiveCfg = Release|Any CPU
		{F9A5335E-2131-4FFF-9792-644E039928F7}.Release|Any CPU.Build.0 = Release|Any CPU
		{331C5F1E-A2C5-4A81-A541-B76A57B4BB1A}.Debug|Any CPU.ActiveCfg = Debug|Any CPU
		{331C5F1E-A2C5-4A81-A541-B76A57B4BB1A}.Release|Any CPU.ActiveCfg = Release|Any CPU
		{331C5F1E-A2C5-4A81-A541-B76A57B4BB1A}.Release|Any CPU.Build.0 = Release|Any CPU
		{331C5F1E-A2C5-4A81-A541-B76A57B4BB1A}.Release|Any CPU.Deploy.0 = Release|Any CPU
	EndGlobalSection
	GlobalSection(SolutionProperties) = preSolution
		HideSolutionNode = FALSE
	EndGlobalSection
	GlobalSection(ExtensibilityGlobals) = postSolution
		SolutionGuid = {3D1DCFB1-2F31-4835-9503-FE7F6FE7C86C}
	EndGlobalSection
EndGlobal
