{
  "name": "ERP",
  "lockfileVersion": 3,
  "requires": true,
  "packages": {
    "": {
      "dependencies": {
        "@swimlane/ngx-datatable": "^20.1.0",
        "smart-webcomponents-angular": "^19.1.30"
      }
    },
    "node_modules/@angular/common": {
      "version": "18.1.3",
      "resolved": "https://registry.npmjs.org/@angular/common/-/common-18.1.3.tgz",
      "integrity": "sha512-TC71jVph4L+QaXlyJTrW27nbqis4sWwr9hD/RDSNkfY9XCvYDb2MjYjKrpbN03FWiv7lmcKT9zgse1fYENFsKQ==",
      "license": "MIT",
      "peer": true,
      "dependencies": {
        "tslib": "^2.3.0"
      },
      "engines": {
        "node": "^18.19.1 || ^20.11.1 || >=22.0.0"
      },
      "peerDependencies": {
        "@angular/core": "18.1.3",
        "rxjs": "^6.5.3 || ^7.4.0"
      }
    },
    "node_modules/@angular/core": {
      "version": "18.1.3",
      "resolved": "https://registry.npmjs.org/@angular/core/-/core-18.1.3.tgz",
      "integrity": "sha512-1tFTyGLwio5oYAP2sMVDiOvy5wl/v0a4om7RTCpP2Bjro0ynuYe8FK7ilcmdyPXR1DF7GVdo/0R/eCIQJZ2PwA==",
      "license": "MIT",
      "peer": true,
      "dependencies": {
        "tslib": "^2.3.0"
      },
      "engines": {
        "node": "^18.19.1 || ^20.11.1 || >=22.0.0"
      },
      "peerDependencies": {
        "rxjs": "^6.5.3 || ^7.4.0",
        "zone.js": "~0.14.0"
      }
    },
    "node_modules/@angular/platform-browser": {
      "version": "18.1.3",
      "resolved": "https://registry.npmjs.org/@angular/platform-browser/-/platform-browser-18.1.3.tgz",
      "integrity": "sha512-/k5Xt/WjOk6OlRqb1Wd0ZUQ3NjSbafQyDC9Icy0Mb8qJtiXZjA4VCMkZIiQD7cBxO0F/BsAiYnYNjWrIkCZICA==",
      "license": "MIT",
      "peer": true,
      "dependencies": {
        "tslib": "^2.3.0"
      },
      "engines": {
        "node": "^18.19.1 || ^20.11.1 || >=22.0.0"
      },
      "peerDependencies": {
        "@angular/animations": "18.1.3",
        "@angular/common": "18.1.3",
        "@angular/core": "18.1.3"
      },
      "peerDependenciesMeta": {
        "@angular/animations": {
          "optional": true
        }
      }
    },
    "node_modules/@swimlane/ngx-datatable": {
      "version": "20.1.0",
      "resolved": "https://registry.npmjs.org/@swimlane/ngx-datatable/-/ngx-datatable-20.1.0.tgz",
      "integrity": "sha512-oHnnx1QRNmv10l5UME13v5JP3M3GesM9K3QH6TRYo2C7UbbhY7vL5EZ4HGqcvtMMW4FOzqNOSltE++IVL99F3g==",
      "license": "MIT",
      "dependencies": {
        "tslib": "^2.0.0"
      },
      "peerDependencies": {
        "@angular/common": ">=11.0.2",
        "@angular/core": ">=11.0.2",
        "@angular/platform-browser": ">=11.0.2",
        "rxjs": "^6.6.3 || ^7.4.0"
      }
    },
    "node_modules/rxjs": {
      "version": "7.8.1",
      "resolved": "https://registry.npmjs.org/rxjs/-/rxjs-7.8.1.tgz",
      "integrity": "sha512-AA3TVj+0A2iuIoQkWEK/tqFjBq2j+6PO6Y0zJcvzLAFhEFIO3HL0vls9hWLncZbAAbK0mar7oZ4V079I/qPMxg==",
      "license": "Apache-2.0",
      "peer": true,
      "dependencies": {
        "tslib": "^2.1.0"
      }
    },
    "node_modules/smart-webcomponents-angular": {
      "version": "19.1.30",
      "resolved": "https://registry.npmjs.org/smart-webcomponents-angular/-/smart-webcomponents-angular-19.1.30.tgz",
      "integrity": "sha512-z9RAg5yJg3t8s+fy2rQrjVcdFjkCwJ5Ha/kayHHKgquheraVeHggjGrhSnX+wUIMZH2nDBIA5fun77aUC5RfhQ==",
      "license": "SEE LICENSE IN https://www.htmlelements.com/license/"
    },
    "node_modules/tslib": {
      "version": "2.6.3",
      "resolved": "https://registry.npmjs.org/tslib/-/tslib-2.6.3.tgz",
      "integrity": "sha512-xNvxJEOUiWPGhUuUdQgAJPKOOJfGnIyKySOc09XkKsgdUV/3E2zvwZYdejjmRgPCgcym1juLH3226yA7sEFJKQ==",
      "license": "0BSD"
    },
    "node_modules/zone.js": {
      "version": "0.14.8",
      "resolved": "https://registry.npmjs.org/zone.js/-/zone.js-0.14.8.tgz",
      "integrity": "sha512-48uh7MnVp4/OQDuCHeFdXw5d8xwPqFTvlHgPJ1LBFb5GaustLSZV+YUH0to5ygNyGpqTsjpbpt141U/j3pCfqQ==",
      "license": "MIT",
      "peer": true
    }
  }
}
